// !$*UTF8*$!
{
	archiveVersion = 1;
	classes = {
	};
	objectVersion = 46;
	objects = {

/* Begin PBXBuildFile section */
		C267984B18CA2C3600C98E96 /* main.c in Sources */ = {isa = PBXBuildFile; fileRef = C267984A18CA2C3600C98E96 /* main.c */; };
		C267984D18CA2C3600C98E96 /* tp7.1 in CopyFiles */ = {isa = PBXBuildFile; fileRef = C267984C18CA2C3600C98E96 /* tp7.1 */; };
/* End PBXBuildFile section */

/* Begin PBXCopyFilesBuildPhase section */
		C267984518CA2C3600C98E96 /* CopyFiles */ = {
			isa = PBXCopyFilesBuildPhase;
			buildActionMask = 2147483647;
			dstPath = /usr/share/man/man1/;
			dstSubfolderSpec = 0;
			files = (
				C267984D18CA2C3600C98E96 /* tp7.1 in CopyFiles */,
			);
			runOnlyForDeploymentPostprocessing = 1;
		};
/* End PBXCopyFilesBuildPhase section */

/* Begin PBXFileReference section */
		C267984718CA2C3600C98E96 /* tp7 */ = {isa = PBXFileReference; explicitFileType = "compiled.mach-o.executable"; includeInIndex = 0; path = tp7; sourceTree = BUILT_PRODUCTS_DIR; };
		C267984A18CA2C3600C98E96 /* main.c */ = {isa = PBXFileReference; lastKnownFileType = sourcecode.c.c; path = main.c; sourceTree = "<group>"; };
		C267984C18CA2C3600C98E96 /* tp7.1 */ = {isa = PBXFileReference; lastKnownFileType = text.man; path = tp7.1; sourceTree = "<group>"; };
/* End PBXFileReference section */

/* Begin PBXFrameworksBuildPhase section */
		C267984418CA2C3600C98E96 /* Frameworks */ = {
			isa = PBXFrameworksBuildPhase;
			buildActionMask = 2147483647;
			files = (
			);
			runOnlyForDeploymentPostprocessing = 0;
		};
/* End PBXFrameworksBuildPhase section */

/* Begin PBXGroup section */
		C267983E18CA2C3600C98E96 = {
			isa = PBXGroup;
			children = (
				C267984918CA2C3600C98E96 /* tp7 */,
				C267984818CA2C3600C98E96 /* Products */,
			);
			sourceTree = "<group>";
		};
		C267984818CA2C3600C98E96 /* Products */ = {
			isa = PBXGroup;
			children = (
				C267984718CA2C3600C98E96 /* tp7 */,
			);
			name = Products;
			sourceTree = "<group>";
		};
		C267984918CA2C3600C98E96 /* tp7 */ = {
			isa = PBXGroup;
			children = (
				C267984A18CA2C3600C98E96 /* main.c */,
				C267984C18CA2C3600C98E96 /* tp7.1 */,
			);
			path = tp7;
			sourceTree = "<group>";
		};
/* End PBXGroup section */

/* Begin PBXNativeTarget section */
		C267984618CA2C3600C98E96 /* tp7 */ = {
			isa = PBXNativeTarget;
			buildConfigurationList = C267985018CA2C3600C98E96 /* Build configuration list for PBXNativeTarget "tp7" */;
			buildPhases = (
				C267984318CA2C3600C98E96 /* Sources */,
				C267984418CA2C3600C98E96 /* Frameworks */,
				C267984518CA2C3600C98E96 /* CopyFiles */,
			);
			buildRules = (
			);
			dependencies = (
			);
			name = tp7;
			productName = tp7;
			productReference = C267984718CA2C3600C98E96 /* tp7 */;
			productType = "com.apple.product-type.tool";
		};
/* End PBXNativeTarget section */

/* Begin PBXProject section */
		C267983F18CA2C3600C98E96 /* Project object */ = {
			isa = PBXProject;
			attributes = {
				LastUpgradeCheck = 0500;
				ORGANIZATIONNAME = Salmon;
			};
			buildConfigurationList = C267984218CA2C3600C98E96 /* Build configuration list for PBXProject "tp7" */;
			compatibilityVersion = "Xcode 3.2";
			developmentRegion = English;
			hasScannedForEncodings = 0;
			knownRegions = (
				en,
			);
			mainGroup = C267983E18CA2C3600C98E96;
			productRefGroup = C267984818CA2C3600C98E96 /* Products */;
			projectDirPath = "";
			projectRoot = "";
			targets = (
				C267984618CA2C3600C98E96 /* tp7 */,
			);
		};
/* End PBXProject section */

/* Begin PBXSourcesBuildPhase section */
		C267984318CA2C3600C98E96 /* Sources */ = {
			isa = PBXSourcesBuildPhase;
			buildActionMask = 2147483647;
			files = (
				C267984B18CA2C3600C98E96 /* main.c in Sources */,
			);
			runOnlyForDeploymentPostprocessing = 0;
		};
/* End PBXSourcesBuildPhase section */

/* Begin XCBuildConfiguration section */
		C267984E18CA2C3600C98E96 /* Debug */ = {
			isa = XCBuildConfiguration;
			buildSettings = {
				ALWAYS_SEARCH_USER_PATHS = NO;
				CLANG_CXX_LANGUAGE_STANDARD = "gnu++0x";
				CLANG_CXX_LIBRARY = "libc++";
				CLANG_ENABLE_OBJC_ARC = YES;
				CLANG_WARN_BOOL_CONVERSION = YES;
				CLANG_WARN_CONSTANT_CONVERSION = YES;
				CLANG_WARN_DIRECT_OBJC_ISA_USAGE = YES_ERROR;
				CLANG_WARN_EMPTY_BODY = YES;
				CLANG_WARN_ENUM_CONVERSION = YES;
				CLANG_WARN_INT_CONVERSION = YES;
				CLANG_WARN_OBJC_ROOT_CLASS = YES_ERROR;
				CLANG_WARN__DUPLICATE_METHOD_MATCH = YES;
				COPY_PHASE_STRIP = NO;
				GCC_C_LANGUAGE_STANDARD = gnu99;
				GCC_DYNAMIC_NO_PIC = NO;
				GCC_ENABLE_OBJC_EXCEPTIONS = YES;
				GCC_OPTIMIZATION_LEVEL = 0;
				GCC_PREPROCESSOR_DEFINITIONS = (
					"DEBUG=1",
					"$(inherited)",
				);
				GCC_SYMBOLS_PRIVATE_EXTERN = NO;
				GCC_WARN_64_TO_32_BIT_CONVERSION = YES;
				GCC_WARN_ABOUT_RETURN_TYPE = YES_ERROR;
				GCC_WARN_UNDECLARED_SELECTOR = YES;
				GCC_WARN_UNINITIALIZED_AUTOS = YES;
				GCC_WARN_UNUSED_FUNCTION = YES;
				GCC_WARN_UNUSED_VARIABLE = YES;
				MACOSX_DEPLOYMENT_TARGET = 10.9;
				ONLY_ACTIVE_ARCH = YES;
				SDKROOT = macosx;
			};
			name = Debug;
		};
		C267984F18CA2C3600C98E96 /* Release */ = {
			isa = XCBuildConfiguration;
			buildSettings = {
				ALWAYS_SEARCH_USER_PATHS = NO;
				CLANG_CXX_LANGUAGE_STANDARD = "gnu++0x";
				CLANG_CXX_LIBRARY = "libc++";
				CLANG_ENABLE_OBJC_ARC = YES;
				CLANG_WARN_BOOL_CONVERSION = YES;
				CLANG_WARN_CONSTANT_CONVERSION = YES;
				CLANG_WARN_DIRECT_OBJC_ISA_USAGE = YES_ERROR;
				CLANG_WARN_EMPTY_BODY = YES;
				CLANG_WARN_ENUM_CONVERSION = YES;
				CLANG_WARN_INT_CONVERSION = YES;
				CLANG_WARN_OBJC_ROOT_CLASS = YES_ERROR;
				CLANG_WARN__DUPLICATE_METHOD_MATCH = YES;
				COPY_PHASE_STRIP = YES;
				DEBUG_INFORMATION_FORMAT = "dwarf-with-dsym";
				ENABLE_NS_ASSERTIONS = NO;
				GCC_C_LANGUAGE_STANDARD = gnu99;
				GCC_ENABLE_OBJC_EXCEPTIONS = YES;
				GCC_WARN_64_TO_32_BIT_CONVERSION = YES;
				GCC_WARN_ABOUT_RETURN_TYPE = YES_ERROR;
				GCC_WARN_UNDECLARED_SELECTOR = YES;
				GCC_WARN_UNINITIALIZED_AUTOS = YES;
				GCC_WARN_UNUSED_FUNCTION = YES;
				GCC_WARN_UNUSED_VARIABLE = YES;
				MACOSX_DEPLOYMENT_TARGET = 10.9;
				SDKROOT = macosx;
			};
			name = Release;
		};
		C267985118CA2C3600C98E96 /* Debug */ = {
			isa = XCBuildConfiguration;
			buildSettings = {
				PRODUCT_NAME = "$(TARGET_NAME)";
			};
			name = Debug;
		};
		C267985218CA2C3600C98E96 /* Release */ = {
			isa = XCBuildConfiguration;
			buildSettings = {
				PRODUCT_NAME = "$(TARGET_NAME)";
			};
			name = Release;
		};
/* End XCBuildConfiguration section */

/* Begin XCConfigurationList section */
		C267984218CA2C3600C98E96 /* Build configuration list for PBXProject "tp7" */ = {
			isa = XCConfigurationList;
			buildConfigurations = (
				C267984E18CA2C3600C98E96 /* Debug */,
				C267984F18CA2C3600C98E96 /* Release */,
			);
			defaultConfigurationIsVisible = 0;
			defaultConfigurationName = Release;
		};
		C267985018CA2C3600C98E96 /* Build configuration list for PBXNativeTarget "tp7" */ = {
			isa = XCConfigurationList;
			buildConfigurations = (
				C267985118CA2C3600C98E96 /* Debug */,
				C267985218CA2C3600C98E96 /* Release */,
			);
			defaultConfigurationIsVisible = 0;
		};
/* End XCConfigurationList section */
	};
	rootObject = C267983F18CA2C3600C98E96 /* Project object */;
}
